{
    "_meta": {
        "hash": {
            "sha256": "59b69193b377733a2c63d3654f0218b0f07f0ffc68784bcf6e11f90519dc97eb"
        },
        "pipfile-spec": 6,
        "requires": {
            "python_version": "3.7"
        },
        "sources": [
            {
                "name": "pypi",
                "url": "https://pypi.org/simple",
                "verify_ssl": true
            }
        ]
    },
    "default": {
        "dill": {
            "hashes": [
                "sha256:6e12da0d8e49c220e8d6e97ee8882002e624f1160289ce85ec2cc0a5246b3a2e"
            ],
            "version": "==0.3.2"
        },
        "inputimeout": {
            "hashes": [
                "sha256:f4e23d27753cfc25268eefc8d52a3edc46280ad831d226617c51882423475a43"
            ],
            "index": "pypi",
            "version": "==1.0.4"
        },
        "multiprocess": {
            "hashes": [
                "sha256:81f388527a0c8766e94fe084fd8a408da5045a9fe7b28e199f684a796f3c6bf8",
                "sha256:879ee48882bf7959102010058f30419d72abc90035de70b7259a386dc8b1946a",
                "sha256:9e604ac3ff7d6aa7da8306e7dd3a76a8b6ba83f5a8a2d8590b2edd1468df6479"
            ],
            "version": "==0.70.10"
        },
        "pathlib": {
            "hashes": [
                "sha256:6940718dfc3eff4258203ad5021090933e5c04707d5ca8cc9e73c94a7894ea9f"
            ],
            "version": "==1.0.1"
        },
        "psutil": {
            "hashes": [
                "sha256:1413f4158eb50e110777c4f15d7c759521703bd6beb58926f1d562da40180058",
                "sha256:298af2f14b635c3c7118fd9183843f4e73e681bb6f01e12284d4d70d48a60953",
                "sha256:60b86f327c198561f101a92be1995f9ae0399736b6eced8f24af41ec64fb88d4",
                "sha256:685ec16ca14d079455892f25bd124df26ff9137664af445563c1bd36629b5e0e",
                "sha256:73f35ab66c6c7a9ce82ba44b1e9b1050be2a80cd4dcc3352cc108656b115c74f",
                "sha256:75e22717d4dbc7ca529ec5063000b2b294fc9a367f9c9ede1f65846c7955fd38",
                "sha256:a02f4ac50d4a23253b68233b07e7cdb567bd025b982d5cf0ee78296990c22d9e",
                "sha256:d008ddc00c6906ec80040d26dc2d3e3962109e40ad07fd8a12d0284ce5e0e4f8",
                "sha256:d84029b190c8a66a946e28b4d3934d2ca1528ec94764b180f7d6ea57b0e75e26",
                "sha256:e2d0c5b07c6fe5a87fa27b7855017edb0d52ee73b71e6ee368fae268605cc3f5",
                "sha256:f344ca230dd8e8d5eee16827596f1c22ec0876127c28e800d7ae20ed44c4b310"
            ],
            "index": "pypi",
            "version": "==5.7.0"
        },
        "wrapt": {
            "hashes": [
                "sha256:b62ffa81fb85f4332a4f609cab4ac40709470da05643a082ec1eb88e6d9b97d7"
            ],
            "version": "==1.12.1"
        },
        "wrapt-timeout-decorator": {
            "hashes": [
                "sha256:1da30de7510e16c823bd17f020bd900ffc9959954f418f66c258073733c53bf7",
                "sha256:bf691d31b2fe147fc29d494c7aa31e604e3b1c17393667065bebcccd93d0daa3"
            ],
            "index": "pypi",
            "version": "==1.3.1"
        }
    },
    "develop": {}
}
